
Microsoft Visual Studio Solution File, Format Version 12.00
# Visual Studio Version 16
VisualStudioVersion = 16.0.30804.86
MinimumVisualStudioVersion = 10.0.40219.1
Project("{FAE04EC0-301F-11D3-BF4B-00C04F79EFBC}") = "ConsoleApp1", "ConsoleApp1\ConsoleApp1.csproj", "{90388F94-9877-4750-B018-11D92E877C66}"
EndProject
Project("{FAE04EC0-301F-11D3-BF4B-00C04F79EFBC}") = "BO", "BO\BO.csproj", "{B8005F70-AF8F-4DD5-AD18-E3C05273CBD7}"
EndProject
Project("{FAE04EC0-301F-11D3-BF4B-00C04F79EFBC}") = "DAL", "DAL\DAL.csproj", "{CE41888B-5684-4475-9BAD-415EEE0B38C5}"
EndProject
Project("{FAE04EC0-301F-11D3-BF4B-00C04F79EFBC}") = "BLL", "BLL\BLL.csproj", "{EE6FA23A-8E38-4B6A-9AA4-1F157762AFBE}"
EndProject
Project("{FAE04EC0-301F-11D3-BF4B-00C04F79EFBC}") = "view", "view\view.csproj", "{107EBD5F-F984-47D7-A6A8-E4976C5006F8}"
EndProject
Global
	GlobalSection(SolutionConfigurationPlatforms) = preSolution
		Debug|Any CPU = Debug|Any CPU
		Release|Any CPU = Release|Any CPU
	EndGlobalSection
	GlobalSection(ProjectConfigurationPlatforms) = postSolution
		{90388F94-9877-4750-B018-11D92E877C66}.Debug|Any CPU.ActiveCfg = Debug|Any CPU
		{90388F94-9877-4750-B018-11D92E877C66}.Debug|Any CPU.Build.0 = Debug|Any CPU
		{90388F94-9877-4750-B018-11D92E877C66}.Release|Any CPU.ActiveCfg = Release|Any CPU
		{90388F94-9877-4750-B018-11D92E877C66}.Release|Any CPU.Build.0 = Release|Any CPU
		{B8005F70-AF8F-4DD5-AD18-E3C05273CBD7}.Debug|Any CPU.ActiveCfg = Debug|Any CPU
		{B8005F70-AF8F-4DD5-AD18-E3C05273CBD7}.Debug|Any CPU.Build.0 = Debug|Any CPU
		{B8005F70-AF8F-4DD5-AD18-E3C05273CBD7}.Release|Any CPU.ActiveCfg = Release|Any CPU
		{B8005F70-AF8F-4DD5-AD18-E3C05273CBD7}.Release|Any CPU.Build.0 = Release|Any CPU
		{CE41888B-5684-4475-9BAD-415EEE0B38C5}.Debug|Any CPU.ActiveCfg = Debug|Any CPU
		{CE41888B-5684-4475-9BAD-415EEE0B38C5}.Debug|Any CPU.Build.0 = Debug|Any CPU
		{CE41888B-5684-4475-9BAD-415EEE0B38C5}.Release|Any CPU.ActiveCfg = Release|Any CPU
		{CE41888B-5684-4475-9BAD-415EEE0B38C5}.Release|Any CPU.Build.0 = Release|Any CPU
		{EE6FA23A-8E38-4B6A-9AA4-1F157762AFBE}.Debug|Any CPU.ActiveCfg = Debug|Any CPU
		{EE6FA23A-8E38-4B6A-9AA4-1F157762AFBE}.Debug|Any CPU.Build.0 = Debug|Any CPU
		{EE6FA23A-8E38-4B6A-9AA4-1F157762AFBE}.Release|Any CPU.ActiveCfg = Release|Any CPU
		{EE6FA23A-8E38-4B6A-9AA4-1F157762AFBE}.Release|Any CPU.Build.0 = Release|Any CPU
		{107EBD5F-F984-47D7-A6A8-E4976C5006F8}.Debug|Any CPU.ActiveCfg = Debug|Any CPU
		{107EBD5F-F984-47D7-A6A8-E4976C5006F8}.Debug|Any CPU.Build.0 = Debug|Any CPU
		{107EBD5F-F984-47D7-A6A8-E4976C5006F8}.Release|Any CPU.ActiveCfg = Release|Any CPU
		{107EBD5F-F984-47D7-A6A8-E4976C5006F8}.Release|Any CPU.Build.0 = Release|Any CPU
	EndGlobalSection
	GlobalSection(SolutionProperties) = preSolution
		HideSolutionNode = FALSE
	EndGlobalSection
	GlobalSection(ExtensibilityGlobals) = postSolution
		SolutionGuid = {182B16F4-A392-4D7B-9BAF-F3A4CDA0E049}
	EndGlobalSection
EndGlobal
